// !$*UTF8*$!
{
	archiveVersion = 1;
	classes = {
	};
	objectVersion = 50;
	objects = {

/* Begin PBXBuildFile section */
		848D2DCA269C026300EFFBDF /* AppDelegate.swift in Sources */ = {isa = PBXBuildFile; fileRef = 848D2DC9269C026300EFFBDF /* AppDelegate.swift */; };
		848D2DCC269C026300EFFBDF /* SceneDelegate.swift in Sources */ = {isa = PBXBuildFile; fileRef = 848D2DCB269C026300EFFBDF /* SceneDelegate.swift */; };
		848D2DCE269C026300EFFBDF /* ViewController.swift in Sources */ = {isa = PBXBuildFile; fileRef = 848D2DCD269C026300EFFBDF /* ViewController.swift */; };
		848D2DD1269C026300EFFBDF /* Main.storyboard in Resources */ = {isa = PBXBuildFile; fileRef = 848D2DCF269C026300EFFBDF /* Main.storyboard */; };
		848D2DD3269C026400EFFBDF /* Assets.xcassets in Resources */ = {isa = PBXBuildFile; fileRef = 848D2DD2269C026400EFFBDF /* Assets.xcassets */; };
		848D2DD6269C026400EFFBDF /* LaunchScreen.storyboard in Resources */ = {isa = PBXBuildFile; fileRef = 848D2DD4269C026400EFFBDF /* LaunchScreen.storyboard */; };
		848D2DE4269C093900EFFBDF /* MainPageViewController.swift in Sources */ = {isa = PBXBuildFile; fileRef = 848D2DE3269C093900EFFBDF /* MainPageViewController.swift */; };
		848D2DE7269C099A00EFFBDF /* FirstStepViewController.swift in Sources */ = {isa = PBXBuildFile; fileRef = 848D2DE6269C099A00EFFBDF /* FirstStepViewController.swift */; };
		848D2DE9269C09A800EFFBDF /* SecondStepViewController.swift in Sources */ = {isa = PBXBuildFile; fileRef = 848D2DE8269C09A800EFFBDF /* SecondStepViewController.swift */; };
		848D2DEB269C09D500EFFBDF /* ThirdStepViewController.swift in Sources */ = {isa = PBXBuildFile; fileRef = 848D2DEA269C09D500EFFBDF /* ThirdStepViewController.swift */; };
		848D2DEF269C0B7600EFFBDF /* Onboarding.storyboard in Resources */ = {isa = PBXBuildFile; fileRef = 848D2DEE269C0B7600EFFBDF /* Onboarding.storyboard */; };
		848D2DF2269C0DED00EFFBDF /* LandscapeManager.swift in Sources */ = {isa = PBXBuildFile; fileRef = 848D2DF1269C0DED00EFFBDF /* LandscapeManager.swift */; };
		848D2DF4269C1BE300EFFBDF /* ConciergeViewController.swift in Sources */ = {isa = PBXBuildFile; fileRef = 848D2DF3269C1BE300EFFBDF /* ConciergeViewController.swift */; };
		848D2DF7269C1CE700EFFBDF /* StoryBoardCustom.swift in Sources */ = {isa = PBXBuildFile; fileRef = 848D2DF6269C1CE700EFFBDF /* StoryBoardCustom.swift */; };
		848D2DFA269C3A1E00EFFBDF /* FruitsData.txt in Resources */ = {isa = PBXBuildFile; fileRef = 848D2DF9269C3A1E00EFFBDF /* FruitsData.txt */; };
		848D2DFD269C3AC000EFFBDF /* FruitModal.swift in Sources */ = {isa = PBXBuildFile; fileRef = 848D2DFC269C3AC000EFFBDF /* FruitModal.swift */; };
		848D2DFF269C3BDE00EFFBDF /* FruitData.swift in Sources */ = {isa = PBXBuildFile; fileRef = 848D2DFE269C3BDE00EFFBDF /* FruitData.swift */; };
		84BB0E8D269D2D470075F229 /* FruitTableViewCell.swift in Sources */ = {isa = PBXBuildFile; fileRef = 84BB0E8C269D2D470075F229 /* FruitTableViewCell.swift */; };
		84BB0E8F269D33ED0075F229 /* CustomView.swift in Sources */ = {isa = PBXBuildFile; fileRef = 84BB0E8E269D33ED0075F229 /* CustomView.swift */; };
		84BB0E91269D3D3D0075F229 /* ViewControllerCustom.swift in Sources */ = {isa = PBXBuildFile; fileRef = 84BB0E90269D3D3D0075F229 /* ViewControllerCustom.swift */; };
		84BB0E93269D44810075F229 /* DetailViewController.swift in Sources */ = {isa = PBXBuildFile; fileRef = 84BB0E92269D44810075F229 /* DetailViewController.swift */; };
		84BB0E96269D44AA0075F229 /* ViewFruit.swift in Sources */ = {isa = PBXBuildFile; fileRef = 84BB0E95269D44AA0075F229 /* ViewFruit.swift */; };
/* End PBXBuildFile section */

/* Begin PBXFileReference section */
		848D2DC6269C026300EFFBDF /* FruitApp.app */ = {isa = PBXFileReference; explicitFileType = wrapper.application; includeInIndex = 0; path = FruitApp.app; sourceTree = BUILT_PRODUCTS_DIR; };
		848D2DC9269C026300EFFBDF /* AppDelegate.swift */ = {isa = PBXFileReference; lastKnownFileType = sourcecode.swift; path = AppDelegate.swift; sourceTree = "<group>"; };
		848D2DCB269C026300EFFBDF /* SceneDelegate.swift */ = {isa = PBXFileReference; lastKnownFileType = sourcecode.swift; path = SceneDelegate.swift; sourceTree = "<group>"; };
		848D2DCD269C026300EFFBDF /* ViewController.swift */ = {isa = PBXFileReference; lastKnownFileType = sourcecode.swift; path = ViewController.swift; sourceTree = "<group>"; };
		848D2DD0269C026300EFFBDF /* Base */ = {isa = PBXFileReference; lastKnownFileType = file.storyboard; name = Base; path = Base.lproj/Main.storyboard; sourceTree = "<group>"; };
		848D2DD2269C026400EFFBDF /* Assets.xcassets */ = {isa = PBXFileReference; lastKnownFileType = folder.assetcatalog; path = Assets.xcassets; sourceTree = "<group>"; };
		848D2DD5269C026400EFFBDF /* Base */ = {isa = PBXFileReference; lastKnownFileType = file.storyboard; name = Base; path = Base.lproj/LaunchScreen.storyboard; sourceTree = "<group>"; };
		848D2DD7269C026400EFFBDF /* Info.plist */ = {isa = PBXFileReference; lastKnownFileType = text.plist.xml; path = Info.plist; sourceTree = "<group>"; };
		848D2DE3269C093900EFFBDF /* MainPageViewController.swift */ = {isa = PBXFileReference; lastKnownFileType = sourcecode.swift; path = MainPageViewController.swift; sourceTree = "<group>"; };
		848D2DE6269C099A00EFFBDF /* FirstStepViewController.swift */ = {isa = PBXFileReference; lastKnownFileType = sourcecode.swift; path = FirstStepViewController.swift; sourceTree = "<group>"; };
		848D2DE8269C09A800EFFBDF /* SecondStepViewController.swift */ = {isa = PBXFileReference; lastKnownFileType = sourcecode.swift; path = SecondStepViewController.swift; sourceTree = "<group>"; };
		848D2DEA269C09D500EFFBDF /* ThirdStepViewController.swift */ = {isa = PBXFileReference; lastKnownFileType = sourcecode.swift; path = ThirdStepViewController.swift; sourceTree = "<group>"; };
		848D2DEE269C0B7600EFFBDF /* Onboarding.storyboard */ = {isa = PBXFileReference; lastKnownFileType = file.storyboard; path = Onboarding.storyboard; sourceTree = "<group>"; };
		848D2DF1269C0DED00EFFBDF /* LandscapeManager.swift */ = {isa = PBXFileReference; lastKnownFileType = sourcecode.swift; path = LandscapeManager.swift; sourceTree = "<group>"; };
		848D2DF3269C1BE300EFFBDF /* ConciergeViewController.swift */ = {isa = PBXFileReference; lastKnownFileType = sourcecode.swift; path = ConciergeViewController.swift; sourceTree = "<group>"; };
		848D2DF6269C1CE700EFFBDF /* StoryBoardCustom.swift */ = {isa = PBXFileReference; lastKnownFileType = sourcecode.swift; path = StoryBoardCustom.swift; sourceTree = "<group>"; };
		848D2DF9269C3A1E00EFFBDF /* FruitsData.txt */ = {isa = PBXFileReference; fileEncoding = 4; lastKnownFileType = text; path = FruitsData.txt; sourceTree = "<group>"; };
		848D2DFC269C3AC000EFFBDF /* FruitModal.swift */ = {isa = PBXFileReference; lastKnownFileType = sourcecode.swift; path = FruitModal.swift; sourceTree = "<group>"; };
		848D2DFE269C3BDE00EFFBDF /* FruitData.swift */ = {isa = PBXFileReference; lastKnownFileType = sourcecode.swift; path = FruitData.swift; sourceTree = "<group>"; };
		84BB0E8C269D2D470075F229 /* FruitTableViewCell.swift */ = {isa = PBXFileReference; lastKnownFileType = sourcecode.swift; path = FruitTableViewCell.swift; sourceTree = "<group>"; };
		84BB0E8E269D33ED0075F229 /* CustomView.swift */ = {isa = PBXFileReference; lastKnownFileType = sourcecode.swift; path = CustomView.swift; sourceTree = "<group>"; };
		84BB0E90269D3D3D0075F229 /* ViewControllerCustom.swift */ = {isa = PBXFileReference; lastKnownFileType = sourcecode.swift; path = ViewControllerCustom.swift; sourceTree = "<group>"; };
		84BB0E92269D44810075F229 /* DetailViewController.swift */ = {isa = PBXFileReference; lastKnownFileType = sourcecode.swift; path = DetailViewController.swift; sourceTree = "<group>"; };
		84BB0E95269D44AA0075F229 /* ViewFruit.swift */ = {isa = PBXFileReference; lastKnownFileType = sourcecode.swift; path = ViewFruit.swift; sourceTree = "<group>"; };
/* End PBXFileReference section */

/* Begin PBXFrameworksBuildPhase section */
		848D2DC3269C026300EFFBDF /* Frameworks */ = {
			isa = PBXFrameworksBuildPhase;
			buildActionMask = 2147483647;
			files = (
			);
			runOnlyForDeploymentPostprocessing = 0;
		};
/* End PBXFrameworksBuildPhase section */

/* Begin PBXGroup section */
		848D2DBD269C026300EFFBDF = {
			isa = PBXGroup;
			children = (
				848D2DC8269C026300EFFBDF /* FruitApp */,
				848D2DC7269C026300EFFBDF /* Products */,
			);
			sourceTree = "<group>";
		};
		848D2DC7269C026300EFFBDF /* Products */ = {
			isa = PBXGroup;
			children = (
				848D2DC6269C026300EFFBDF /* FruitApp.app */,
			);
			name = Products;
			sourceTree = "<group>";
		};
		848D2DC8269C026300EFFBDF /* FruitApp */ = {
			isa = PBXGroup;
			children = (
				84BB0E94269D448F0075F229 /* Protocol */,
				848D2DFB269C3AA700EFFBDF /* Model */,
				848D2DF8269C338700EFFBDF /* Data */,
				848D2DF5269C1CBA00EFFBDF /* Extension */,
				848D2DF0269C0DDE00EFFBDF /* Utils */,
				848D2DDE269C03C600EFFBDF /* AppDelegate */,
				848D2DDF269C03D200EFFBDF /* Controller */,
				848D2DE0269C03DE00EFFBDF /* Views */,
				848D2DD7269C026400EFFBDF /* Info.plist */,
				848D2DD2269C026400EFFBDF /* Assets.xcassets */,
			);
			path = FruitApp;
			sourceTree = "<group>";
		};
		848D2DDE269C03C600EFFBDF /* AppDelegate */ = {
			isa = PBXGroup;
			children = (
				848D2DC9269C026300EFFBDF /* AppDelegate.swift */,
				848D2DCB269C026300EFFBDF /* SceneDelegate.swift */,
			);
			path = AppDelegate;
			sourceTree = "<group>";
		};
		848D2DDF269C03D200EFFBDF /* Controller */ = {
			isa = PBXGroup;
			children = (
				848D2DE5269C097100EFFBDF /* OnBoardView */,
				848D2DCD269C026300EFFBDF /* ViewController.swift */,
				848D2DE3269C093900EFFBDF /* MainPageViewController.swift */,
				848D2DF3269C1BE300EFFBDF /* ConciergeViewController.swift */,
				84BB0E92269D44810075F229 /* DetailViewController.swift */,
			);
			path = Controller;
			sourceTree = "<group>";
		};
		848D2DE0269C03DE00EFFBDF /* Views */ = {
			isa = PBXGroup;
			children = (
				84BB0E8B269D2D2F0075F229 /* Cell */,
				848D2DED269C0B2E00EFFBDF /* OnboardScreen */,
				848D2DEC269C0AB900EFFBDF /* MainScreen */,
				848D2DD4269C026400EFFBDF /* LaunchScreen.storyboard */,
			);
			path = Views;
			sourceTree = "<group>";
		};
		848D2DE5269C097100EFFBDF /* OnBoardView */ = {
			isa = PBXGroup;
			children = (
				848D2DE6269C099A00EFFBDF /* FirstStepViewController.swift */,
				848D2DE8269C09A800EFFBDF /* SecondStepViewController.swift */,
				848D2DEA269C09D500EFFBDF /* ThirdStepViewController.swift */,
			);
			path = OnBoardView;
			sourceTree = "<group>";
		};
		848D2DEC269C0AB900EFFBDF /* MainScreen */ = {
			isa = PBXGroup;
			children = (
				848D2DCF269C026300EFFBDF /* Main.storyboard */,
			);
			path = MainScreen;
			sourceTree = "<group>";
		};
		848D2DED269C0B2E00EFFBDF /* OnboardScreen */ = {
			isa = PBXGroup;
			children = (
				848D2DEE269C0B7600EFFBDF /* Onboarding.storyboard */,
			);
			path = OnboardScreen;
			sourceTree = "<group>";
		};
		848D2DF0269C0DDE00EFFBDF /* Utils */ = {
			isa = PBXGroup;
			children = (
				848D2DF1269C0DED00EFFBDF /* LandscapeManager.swift */,
			);
			path = Utils;
			sourceTree = "<group>";
		};
		848D2DF5269C1CBA00EFFBDF /* Extension */ = {
			isa = PBXGroup;
			children = (
				848D2DF6269C1CE700EFFBDF /* StoryBoardCustom.swift */,
				84BB0E8E269D33ED0075F229 /* CustomView.swift */,
				84BB0E90269D3D3D0075F229 /* ViewControllerCustom.swift */,
			);
			path = Extension;
			sourceTree = "<group>";
		};
		848D2DF8269C338700EFFBDF /* Data */ = {
			isa = PBXGroup;
			children = (
				848D2DF9269C3A1E00EFFBDF /* FruitsData.txt */,
				848D2DFE269C3BDE00EFFBDF /* FruitData.swift */,
			);
			path = Data;
			sourceTree = "<group>";
		};
		848D2DFB269C3AA700EFFBDF /* Model */ = {
			isa = PBXGroup;
			children = (
				848D2DFC269C3AC000EFFBDF /* FruitModal.swift */,
			);
			path = Model;
			sourceTree = "<group>";
		};
		84BB0E8B269D2D2F0075F229 /* Cell */ = {
			isa = PBXGroup;
			children = (
				84BB0E8C269D2D470075F229 /* FruitTableViewCell.swift */,
			);
			path = Cell;
			sourceTree = "<group>";
		};
		84BB0E94269D448F0075F229 /* Protocol */ = {
			isa = PBXGroup;
			children = (
				84BB0E95269D44AA0075F229 /* ViewFruit.swift */,
			);
			path = Protocol;
			sourceTree = "<group>";
		};
/* End PBXGroup section */

/* Begin PBXNativeTarget section */
		848D2DC5269C026300EFFBDF /* FruitApp */ = {
			isa = PBXNativeTarget;
			buildConfigurationList = 848D2DDA269C026400EFFBDF /* Build configuration list for PBXNativeTarget "FruitApp" */;
			buildPhases = (
				848D2DC2269C026300EFFBDF /* Sources */,
				848D2DC3269C026300EFFBDF /* Frameworks */,
				848D2DC4269C026300EFFBDF /* Resources */,
			);
			buildRules = (
			);
			dependencies = (
			);
			name = FruitApp;
			productName = FruitApp;
			productReference = 848D2DC6269C026300EFFBDF /* FruitApp.app */;
			productType = "com.apple.product-type.application";
		};
/* End PBXNativeTarget section */

/* Begin PBXProject section */
		848D2DBE269C026300EFFBDF /* Project object */ = {
			isa = PBXProject;
			attributes = {
				LastSwiftUpdateCheck = 1250;
				LastUpgradeCheck = 1250;
				TargetAttributes = {
					848D2DC5269C026300EFFBDF = {
						CreatedOnToolsVersion = 12.5;
					};
				};
			};
			buildConfigurationList = 848D2DC1269C026300EFFBDF /* Build configuration list for PBXProject "FruitApp" */;
			compatibilityVersion = "Xcode 9.3";
			developmentRegion = en;
			hasScannedForEncodings = 0;
			knownRegions = (
				en,
				Base,
			);
			mainGroup = 848D2DBD269C026300EFFBDF;
			productRefGroup = 848D2DC7269C026300EFFBDF /* Products */;
			projectDirPath = "";
			projectRoot = "";
			targets = (
				848D2DC5269C026300EFFBDF /* FruitApp */,
			);
		};
/* End PBXProject section */

/* Begin PBXResourcesBuildPhase section */
		848D2DC4269C026300EFFBDF /* Resources */ = {
			isa = PBXResourcesBuildPhase;
			buildActionMask = 2147483647;
			files = (
				848D2DFA269C3A1E00EFFBDF /* FruitsData.txt in Resources */,
				848D2DD6269C026400EFFBDF /* LaunchScreen.storyboard in Resources */,
				848D2DD3269C026400EFFBDF /* Assets.xcassets in Resources */,
				848D2DD1269C026300EFFBDF /* Main.storyboard in Resources */,
				848D2DEF269C0B7600EFFBDF /* Onboarding.storyboard in Resources */,
			);
			runOnlyForDeploymentPostprocessing = 0;
		};
/* End PBXResourcesBuildPhase section */

/* Begin PBXSourcesBuildPhase section */
		848D2DC2269C026300EFFBDF /* Sources */ = {
			isa = PBXSourcesBuildPhase;
			buildActionMask = 2147483647;
			files = (
				848D2DE7269C099A00EFFBDF /* FirstStepViewController.swift in Sources */,
				84BB0E8D269D2D470075F229 /* FruitTableViewCell.swift in Sources */,
				848D2DE4269C093900EFFBDF /* MainPageViewController.swift in Sources */,
				84BB0E8F269D33ED0075F229 /* CustomView.swift in Sources */,
				848D2DFF269C3BDE00EFFBDF /* FruitData.swift in Sources */,
				84BB0E96269D44AA0075F229 /* ViewFruit.swift in Sources */,
				848D2DEB269C09D500EFFBDF /* ThirdStepViewController.swift in Sources */,
				848D2DE9269C09A800EFFBDF /* SecondStepViewController.swift in Sources */,
				84BB0E93269D44810075F229 /* DetailViewController.swift in Sources */,
				848D2DCE269C026300EFFBDF /* ViewController.swift in Sources */,
				848D2DFD269C3AC000EFFBDF /* FruitModal.swift in Sources */,
				84BB0E91269D3D3D0075F229 /* ViewControllerCustom.swift in Sources */,
				848D2DCA269C026300EFFBDF /* AppDelegate.swift in Sources */,
				848D2DCC269C026300EFFBDF /* SceneDelegate.swift in Sources */,
				848D2DF2269C0DED00EFFBDF /* LandscapeManager.swift in Sources */,
				848D2DF4269C1BE300EFFBDF /* ConciergeViewController.swift in Sources */,
				848D2DF7269C1CE700EFFBDF /* StoryBoardCustom.swift in Sources */,
			);
			runOnlyForDeploymentPostprocessing = 0;
		};
/* End PBXSourcesBuildPhase section */

/* Begin PBXVariantGroup section */
		848D2DCF269C026300EFFBDF /* Main.storyboard */ = {
			isa = PBXVariantGroup;
			children = (
				848D2DD0269C026300EFFBDF /* Base */,
			);
			name = Main.storyboard;
			sourceTree = "<group>";
		};
		848D2DD4269C026400EFFBDF /* LaunchScreen.storyboard */ = {
			isa = PBXVariantGroup;
			children = (
				848D2DD5269C026400EFFBDF /* Base */,
			);
			name = LaunchScreen.storyboard;
			sourceTree = "<group>";
		};
/* End PBXVariantGroup section */

/* Begin XCBuildConfiguration section */
		848D2DD8269C026400EFFBDF /* Debug */ = {
			isa = XCBuildConfiguration;
			buildSettings = {
				ALWAYS_SEARCH_USER_PATHS = NO;
				CLANG_ANALYZER_NONNULL = YES;
				CLANG_ANALYZER_NUMBER_OBJECT_CONVERSION = YES_AGGRESSIVE;
				CLANG_CXX_LANGUAGE_STANDARD = "gnu++14";
				CLANG_CXX_LIBRARY = "libc++";
				CLANG_ENABLE_MODULES = YES;
				CLANG_ENABLE_OBJC_ARC = YES;
				CLANG_ENABLE_OBJC_WEAK = YES;
				CLANG_WARN_BLOCK_CAPTURE_AUTORELEASING = YES;
				CLANG_WARN_BOOL_CONVERSION = YES;
				CLANG_WARN_COMMA = YES;
				CLANG_WARN_CONSTANT_CONVERSION = YES;
				CLANG_WARN_DEPRECATED_OBJC_IMPLEMENTATIONS = YES;
				CLANG_WARN_DIRECT_OBJC_ISA_USAGE = YES_ERROR;
				CLANG_WARN_DOCUMENTATION_COMMENTS = YES;
				CLANG_WARN_EMPTY_BODY = YES;
				CLANG_WARN_ENUM_CONVERSION = YES;
				CLANG_WARN_INFINITE_RECURSION = YES;
				CLANG_WARN_INT_CONVERSION = YES;
				CLANG_WARN_NON_LITERAL_NULL_CONVERSION = YES;
				CLANG_WARN_OBJC_IMPLICIT_RETAIN_SELF = YES;
				CLANG_WARN_OBJC_LITERAL_CONVERSION = YES;
				CLANG_WARN_OBJC_ROOT_CLASS = YES_ERROR;
				CLANG_WARN_QUOTED_INCLUDE_IN_FRAMEWORK_HEADER = YES;
				CLANG_WARN_RANGE_LOOP_ANALYSIS = YES;
				CLANG_WARN_STRICT_PROTOTYPES = YES;
				CLANG_WARN_SUSPICIOUS_MOVE = YES;
				CLANG_WARN_UNGUARDED_AVAILABILITY = YES_AGGRESSIVE;
				CLANG_WARN_UNREACHABLE_CODE = YES;
				CLANG_WARN__DUPLICATE_METHOD_MATCH = YES;
				COPY_PHASE_STRIP = NO;
				DEBUG_INFORMATION_FORMAT = dwarf;
				ENABLE_STRICT_OBJC_MSGSEND = YES;
				ENABLE_TESTABILITY = YES;
				GCC_C_LANGUAGE_STANDARD = gnu11;
				GCC_DYNAMIC_NO_PIC = NO;
				GCC_NO_COMMON_BLOCKS = YES;
				GCC_OPTIMIZATION_LEVEL = 0;
				GCC_PREPROCESSOR_DEFINITIONS = (
					"DEBUG=1",
					"$(inherited)",
				);
				GCC_WARN_64_TO_32_BIT_CONVERSION = YES;
				GCC_WARN_ABOUT_RETURN_TYPE = YES_ERROR;
				GCC_WARN_UNDECLARED_SELECTOR = YES;
				GCC_WARN_UNINITIALIZED_AUTOS = YES_AGGRESSIVE;
				GCC_WARN_UNUSED_FUNCTION = YES;
				GCC_WARN_UNUSED_VARIABLE = YES;
				IPHONEOS_DEPLOYMENT_TARGET = 14.5;
				MTL_ENABLE_DEBUG_INFO = INCLUDE_SOURCE;
				MTL_FAST_MATH = YES;
				ONLY_ACTIVE_ARCH = YES;
				SDKROOT = iphoneos;
				SWIFT_ACTIVE_COMPILATION_CONDITIONS = DEBUG;
				SWIFT_OPTIMIZATION_LEVEL = "-Onone";
			};
			name = Debug;
		};
		848D2DD9269C026400EFFBDF /* Release */ = {
			isa = XCBuildConfiguration;
			buildSettings = {
				ALWAYS_SEARCH_USER_PATHS = NO;
				CLANG_ANALYZER_NONNULL = YES;
				CLANG_ANALYZER_NUMBER_OBJECT_CONVERSION = YES_AGGRESSIVE;
				CLANG_CXX_LANGUAGE_STANDARD = "gnu++14";
				CLANG_CXX_LIBRARY = "libc++";
				CLANG_ENABLE_MODULES = YES;
				CLANG_ENABLE_OBJC_ARC = YES;
				CLANG_ENABLE_OBJC_WEAK = YES;
				CLANG_WARN_BLOCK_CAPTURE_AUTORELEASING = YES;
				CLANG_WARN_BOOL_CONVERSION = YES;
				CLANG_WARN_COMMA = YES;
				CLANG_WARN_CONSTANT_CONVERSION = YES;
				CLANG_WARN_DEPRECATED_OBJC_IMPLEMENTATIONS = YES;
				CLANG_WARN_DIRECT_OBJC_ISA_USAGE = YES_ERROR;
				CLANG_WARN_DOCUMENTATION_COMMENTS = YES;
				CLANG_WARN_EMPTY_BODY = YES;
				CLANG_WARN_ENUM_CONVERSION = YES;
				CLANG_WARN_INFINITE_RECURSION = YES;
				CLANG_WARN_INT_CONVERSION = YES;
				CLANG_WARN_NON_LITERAL_NULL_CONVERSION = YES;
				CLANG_WARN_OBJC_IMPLICIT_RETAIN_SELF = YES;
				CLANG_WARN_OBJC_LITERAL_CONVERSION = YES;
				CLANG_WARN_OBJC_ROOT_CLASS = YES_ERROR;
				CLANG_WARN_QUOTED_INCLUDE_IN_FRAMEWORK_HEADER = YES;
				CLANG_WARN_RANGE_LOOP_ANALYSIS = YES;
				CLANG_WARN_STRICT_PROTOTYPES = YES;
				CLANG_WARN_SUSPICIOUS_MOVE = YES;
				CLANG_WARN_UNGUARDED_AVAILABILITY = YES_AGGRESSIVE;
				CLANG_WARN_UNREACHABLE_CODE = YES;
				CLANG_WARN__DUPLICATE_METHOD_MATCH = YES;
				COPY_PHASE_STRIP = NO;
				DEBUG_INFORMATION_FORMAT = "dwarf-with-dsym";
				ENABLE_NS_ASSERTIONS = NO;
				ENABLE_STRICT_OBJC_MSGSEND = YES;
				GCC_C_LANGUAGE_STANDARD = gnu11;
				GCC_NO_COMMON_BLOCKS = YES;
				GCC_WARN_64_TO_32_BIT_CONVERSION = YES;
				GCC_WARN_ABOUT_RETURN_TYPE = YES_ERROR;
				GCC_WARN_UNDECLARED_SELECTOR = YES;
				GCC_WARN_UNINITIALIZED_AUTOS = YES_AGGRESSIVE;
				GCC_WARN_UNUSED_FUNCTION = YES;
				GCC_WARN_UNUSED_VARIABLE = YES;
				IPHONEOS_DEPLOYMENT_TARGET = 14.5;
				MTL_ENABLE_DEBUG_INFO = NO;
				MTL_FAST_MATH = YES;
				SDKROOT = iphoneos;
				SWIFT_COMPILATION_MODE = wholemodule;
				SWIFT_OPTIMIZATION_LEVEL = "-O";
				VALIDATE_PRODUCT = YES;
			};
			name = Release;
		};
		848D2DDB269C026400EFFBDF /* Debug */ = {
			isa = XCBuildConfiguration;
			buildSettings = {
				ASSETCATALOG_COMPILER_GLOBAL_ACCENT_COLOR_NAME = AccentColor;
				CODE_SIGN_STYLE = Automatic;
				DEVELOPMENT_TEAM = UVTA4V7W4B;
				INFOPLIST_FILE = FruitApp/Info.plist;
				LD_RUNPATH_SEARCH_PATHS = (
					"$(inherited)",
					"@executable_path/Frameworks",
				);
				PRODUCT_BUNDLE_IDENTIFIER = com.hrd.FruitApp;
				PRODUCT_NAME = "$(TARGET_NAME)";
				SWIFT_VERSION = 5.0;
				TARGETED_DEVICE_FAMILY = "1,2";
			};
			name = Debug;
		};
		848D2DDC269C026400EFFBDF /* Release */ = {
			isa = XCBuildConfiguration;
			buildSettings = {
				ASSETCATALOG_COMPILER_GLOBAL_ACCENT_COLOR_NAME = AccentColor;
				CODE_SIGN_STYLE = Automatic;
				DEVELOPMENT_TEAM = UVTA4V7W4B;
				INFOPLIST_FILE = FruitApp/Info.plist;
				LD_RUNPATH_SEARCH_PATHS = (
					"$(inherited)",
					"@executable_path/Frameworks",
				);
				PRODUCT_BUNDLE_IDENTIFIER = com.hrd.FruitApp;
				PRODUCT_NAME = "$(TARGET_NAME)";
				SWIFT_VERSION = 5.0;
				TARGETED_DEVICE_FAMILY = "1,2";
			};
			name = Release;
		};
/* End XCBuildConfiguration section */

/* Begin XCConfigurationList section */
		848D2DC1269C026300EFFBDF /* Build configuration list for PBXProject "FruitApp" */ = {
			isa = XCConfigurationList;
			buildConfigurations = (
				848D2DD8269C026400EFFBDF /* Debug */,
				848D2DD9269C026400EFFBDF /* Release */,
			);
			defaultConfigurationIsVisible = 0;
			defaultConfigurationName = Release;
		};
		848D2DDA269C026400EFFBDF /* Build configuration list for PBXNativeTarget "FruitApp" */ = {
			isa = XCConfigurationList;
			buildConfigurations = (
				848D2DDB269C026400EFFBDF /* Debug */,
				848D2DDC269C026400EFFBDF /* Release */,
			);
			defaultConfigurationIsVisible = 0;
			defaultConfigurationName = Release;
		};
/* End XCConfigurationList section */
	};
	rootObject = 848D2DBE269C026300EFFBDF /* Project object */;
}
